
Microsoft Visual Studio Solution File, Format Version 12.00
# Visual Studio Version 16
VisualStudioVersion = 16.0.29230.47
MinimumVisualStudioVersion = 10.0.40219.1
Project("{FAE04EC0-301F-11D3-BF4B-00C04F79EFBC}") = "MyThreadPool", "MyThreadPool\MyThreadPool.csproj", "{07381FA2-F011-4049-BC53-ACA1BE45A178}"
EndProject
Project("{FAE04EC0-301F-11D3-BF4B-00C04F79EFBC}") = "MyThreadPool.Tests", "MyThreadPool.Tests\MyThreadPool.Tests.csproj", "{780169C4-B78B-4931-B6B0-439155A725AA}"
	ProjectSection(ProjectDependencies) = postProject
		{07381FA2-F011-4049-BC53-ACA1BE45A178} = {07381FA2-F011-4049-BC53-ACA1BE45A178}
	EndProjectSection
EndProject
Global
	GlobalSection(SolutionConfigurationPlatforms) = preSolution
		Debug|Any CPU = Debug|Any CPU
		Release|Any CPU = Release|Any CPU
	EndGlobalSection
	GlobalSection(ProjectConfigurationPlatforms) = postSolution
		{07381FA2-F011-4049-BC53-ACA1BE45A178}.Debug|Any CPU.ActiveCfg = Debug|Any CPU
		{07381FA2-F011-4049-BC53-ACA1BE45A178}.Debug|Any CPU.Build.0 = Debug|Any CPU
		{07381FA2-F011-4049-BC53-ACA1BE45A178}.Release|Any CPU.ActiveCfg = Release|Any CPU
		{07381FA2-F011-4049-BC53-ACA1BE45A178}.Release|Any CPU.Build.0 = Release|Any CPU
		{780169C4-B78B-4931-B6B0-439155A725AA}.Debug|Any CPU.ActiveCfg = Debug|Any CPU
		{780169C4-B78B-4931-B6B0-439155A725AA}.Debug|Any CPU.Build.0 = Debug|Any CPU
		{780169C4-B78B-4931-B6B0-439155A725AA}.Release|Any CPU.ActiveCfg = Release|Any CPU
		{780169C4-B78B-4931-B6B0-439155A725AA}.Release|Any CPU.Build.0 = Release|Any CPU
	EndGlobalSection
	GlobalSection(SolutionProperties) = preSolution
		HideSolutionNode = FALSE
	EndGlobalSection
	GlobalSection(ExtensibilityGlobals) = postSolution
		SolutionGuid = {ACB3BD09-B27A-4A4F-B212-49DF357C6105}
	EndGlobalSection
EndGlobal
