
Microsoft Visual Studio Solution File, Format Version 12.00
# Visual Studio Version 16
VisualStudioVersion = 16.0.29609.76
MinimumVisualStudioVersion = 10.0.40219.1
Project("{FAE04EC0-301F-11D3-BF4B-00C04F79EFBC}") = "ParametersTests", "ParametersTests\ParametersTests.csproj", "{DAB5EB04-410C-4313-9F05-67A347325380}"
EndProject
Global
	GlobalSection(SolutionConfigurationPlatforms) = preSolution
		Debug|Any CPU = Debug|Any CPU
		Release|Any CPU = Release|Any CPU
	EndGlobalSection
	GlobalSection(ProjectConfigurationPlatforms) = postSolution
		{DAB5EB04-410C-4313-9F05-67A347325380}.Debug|Any CPU.ActiveCfg = Debug|Any CPU
		{DAB5EB04-410C-4313-9F05-67A347325380}.Debug|Any CPU.Build.0 = Debug|Any CPU
		{DAB5EB04-410C-4313-9F05-67A347325380}.Release|Any CPU.ActiveCfg = Release|Any CPU
		{DAB5EB04-410C-4313-9F05-67A347325380}.Release|Any CPU.Build.0 = Release|Any CPU
	EndGlobalSection
	GlobalSection(SolutionProperties) = preSolution
		HideSolutionNode = FALSE
	EndGlobalSection
	GlobalSection(ExtensibilityGlobals) = postSolution
		SolutionGuid = {5A92BB54-6C44-4445-AB12-62B7B618FE08}
	EndGlobalSection
EndGlobal
