
Microsoft Visual Studio Solution File, Format Version 12.00
# Visual Studio Version 16
VisualStudioVersion = 16.0.29418.71
MinimumVisualStudioVersion = 10.0.40219.1
Project("{FAE04EC0-301F-11D3-BF4B-00C04F79EFBC}") = "SimpleFTP", "SimpleFTP\SimpleFTP.csproj", "{A0600536-F492-4F83-A1EA-C4C9F67B3615}"
EndProject
Global
	GlobalSection(SolutionConfigurationPlatforms) = preSolution
		Debug|Any CPU = Debug|Any CPU
		Release|Any CPU = Release|Any CPU
	EndGlobalSection
	GlobalSection(ProjectConfigurationPlatforms) = postSolution
		{A0600536-F492-4F83-A1EA-C4C9F67B3615}.Debug|Any CPU.ActiveCfg = Debug|Any CPU
		{A0600536-F492-4F83-A1EA-C4C9F67B3615}.Debug|Any CPU.Build.0 = Debug|Any CPU
		{A0600536-F492-4F83-A1EA-C4C9F67B3615}.Release|Any CPU.ActiveCfg = Release|Any CPU
		{A0600536-F492-4F83-A1EA-C4C9F67B3615}.Release|Any CPU.Build.0 = Release|Any CPU
	EndGlobalSection
	GlobalSection(SolutionProperties) = preSolution
		HideSolutionNode = FALSE
	EndGlobalSection
	GlobalSection(ExtensibilityGlobals) = postSolution
		SolutionGuid = {B7F39D07-221B-4031-A827-9B5CE6964C8F}
	EndGlobalSection
EndGlobal
