
Microsoft Visual Studio Solution File, Format Version 12.00
# Visual Studio Version 16
VisualStudioVersion = 16.0.29418.71
MinimumVisualStudioVersion = 10.0.40219.1
Project("{FAE04EC0-301F-11D3-BF4B-00C04F79EFBC}") = "SimpleFTP", "SimpleFTP\SimpleFTP.csproj", "{C7C7D2EF-91BA-4671-9454-36E0A9919F2C}"
EndProject
Project("{FAE04EC0-301F-11D3-BF4B-00C04F79EFBC}") = "SimpleFTP.Tests", "SimpleFTP.Tests\SimpleFTP.Tests.csproj", "{F167F120-64FB-4EA0-9005-4BCD71CF24EE}"
EndProject
Global
	GlobalSection(SolutionConfigurationPlatforms) = preSolution
		Debug|Any CPU = Debug|Any CPU
		Release|Any CPU = Release|Any CPU
	EndGlobalSection
	GlobalSection(ProjectConfigurationPlatforms) = postSolution
		{C7C7D2EF-91BA-4671-9454-36E0A9919F2C}.Debug|Any CPU.ActiveCfg = Debug|Any CPU
		{C7C7D2EF-91BA-4671-9454-36E0A9919F2C}.Debug|Any CPU.Build.0 = Debug|Any CPU
		{C7C7D2EF-91BA-4671-9454-36E0A9919F2C}.Release|Any CPU.ActiveCfg = Release|Any CPU
		{C7C7D2EF-91BA-4671-9454-36E0A9919F2C}.Release|Any CPU.Build.0 = Release|Any CPU
		{F167F120-64FB-4EA0-9005-4BCD71CF24EE}.Debug|Any CPU.ActiveCfg = Debug|Any CPU
		{F167F120-64FB-4EA0-9005-4BCD71CF24EE}.Debug|Any CPU.Build.0 = Debug|Any CPU
		{F167F120-64FB-4EA0-9005-4BCD71CF24EE}.Release|Any CPU.ActiveCfg = Release|Any CPU
		{F167F120-64FB-4EA0-9005-4BCD71CF24EE}.Release|Any CPU.Build.0 = Release|Any CPU
	EndGlobalSection
	GlobalSection(SolutionProperties) = preSolution
		HideSolutionNode = FALSE
	EndGlobalSection
	GlobalSection(ExtensibilityGlobals) = postSolution
		SolutionGuid = {87630CF8-4DC4-48E6-9067-965E9A349ED1}
	EndGlobalSection
EndGlobal
