
Microsoft Visual Studio Solution File, Format Version 12.00
# Visual Studio Version 16
VisualStudioVersion = 16.0.29806.167
MinimumVisualStudioVersion = 10.0.40219.1
Project("{F2A71F9B-5D33-465A-A702-920D77279786}") = "Factorial", "Factorial\Factorial.fsproj", "{A58EBA8D-087B-47BC-9A87-29C46DD6B2AA}"
EndProject
Project("{F2A71F9B-5D33-465A-A702-920D77279786}") = "Factorial.Tests", "Factorial.Tests\Factorial.Tests.fsproj", "{10A165CB-F887-4188-8CE3-EF53D20FC3EB}"
EndProject
Global
	GlobalSection(SolutionConfigurationPlatforms) = preSolution
		Debug|Any CPU = Debug|Any CPU
		Release|Any CPU = Release|Any CPU
	EndGlobalSection
	GlobalSection(ProjectConfigurationPlatforms) = postSolution
		{A58EBA8D-087B-47BC-9A87-29C46DD6B2AA}.Debug|Any CPU.ActiveCfg = Debug|Any CPU
		{A58EBA8D-087B-47BC-9A87-29C46DD6B2AA}.Debug|Any CPU.Build.0 = Debug|Any CPU
		{A58EBA8D-087B-47BC-9A87-29C46DD6B2AA}.Release|Any CPU.ActiveCfg = Release|Any CPU
		{A58EBA8D-087B-47BC-9A87-29C46DD6B2AA}.Release|Any CPU.Build.0 = Release|Any CPU
		{10A165CB-F887-4188-8CE3-EF53D20FC3EB}.Debug|Any CPU.ActiveCfg = Debug|Any CPU
		{10A165CB-F887-4188-8CE3-EF53D20FC3EB}.Debug|Any CPU.Build.0 = Debug|Any CPU
		{10A165CB-F887-4188-8CE3-EF53D20FC3EB}.Release|Any CPU.ActiveCfg = Release|Any CPU
		{10A165CB-F887-4188-8CE3-EF53D20FC3EB}.Release|Any CPU.Build.0 = Release|Any CPU
	EndGlobalSection
	GlobalSection(SolutionProperties) = preSolution
		HideSolutionNode = FALSE
	EndGlobalSection
	GlobalSection(ExtensibilityGlobals) = postSolution
		SolutionGuid = {89603055-BDC9-421C-B378-2720B2DF95F3}
	EndGlobalSection
EndGlobal
