
Microsoft Visual Studio Solution File, Format Version 12.00
# Visual Studio Version 16
VisualStudioVersion = 16.0.29609.76
MinimumVisualStudioVersion = 10.0.40219.1
Project("{FAE04EC0-301F-11D3-BF4B-00C04F79EFBC}") = "ExceptionTests", "ExceptionTests\ExceptionTests.csproj", "{344AA387-F611-493E-927D-6F9B6DA17C31}"
EndProject
Global
	GlobalSection(SolutionConfigurationPlatforms) = preSolution
		Debug|Any CPU = Debug|Any CPU
		Release|Any CPU = Release|Any CPU
	EndGlobalSection
	GlobalSection(ProjectConfigurationPlatforms) = postSolution
		{344AA387-F611-493E-927D-6F9B6DA17C31}.Debug|Any CPU.ActiveCfg = Debug|Any CPU
		{344AA387-F611-493E-927D-6F9B6DA17C31}.Debug|Any CPU.Build.0 = Debug|Any CPU
		{344AA387-F611-493E-927D-6F9B6DA17C31}.Release|Any CPU.ActiveCfg = Release|Any CPU
		{344AA387-F611-493E-927D-6F9B6DA17C31}.Release|Any CPU.Build.0 = Release|Any CPU
	EndGlobalSection
	GlobalSection(SolutionProperties) = preSolution
		HideSolutionNode = FALSE
	EndGlobalSection
	GlobalSection(ExtensibilityGlobals) = postSolution
		SolutionGuid = {4716BA20-D3C7-4F5B-8868-385DCEA80FF5}
	EndGlobalSection
EndGlobal
