
Microsoft Visual Studio Solution File, Format Version 12.00
# Visual Studio 15
VisualStudioVersion = 15.0.28010.0
MinimumVisualStudioVersion = 10.0.40219.1
Project("{8BC9CEB8-8B4A-11D0-8D11-00A0C91BC942}") = "AVL-Tree", "AVL-Tree\AVL-Tree.vcxproj", "{EE3CC9F0-11E4-4D0E-843D-CFD5EA6A521A}"
EndProject
Global
	GlobalSection(SolutionConfigurationPlatforms) = preSolution
		Debug|x64 = Debug|x64
		Debug|x86 = Debug|x86
		Release|x64 = Release|x64
		Release|x86 = Release|x86
	EndGlobalSection
	GlobalSection(ProjectConfigurationPlatforms) = postSolution
		{EE3CC9F0-11E4-4D0E-843D-CFD5EA6A521A}.Debug|x64.ActiveCfg = Debug|x64
		{EE3CC9F0-11E4-4D0E-843D-CFD5EA6A521A}.Debug|x64.Build.0 = Debug|x64
		{EE3CC9F0-11E4-4D0E-843D-CFD5EA6A521A}.Debug|x86.ActiveCfg = Debug|Win32
		{EE3CC9F0-11E4-4D0E-843D-CFD5EA6A521A}.Debug|x86.Build.0 = Debug|Win32
		{EE3CC9F0-11E4-4D0E-843D-CFD5EA6A521A}.Release|x64.ActiveCfg = Release|x64
		{EE3CC9F0-11E4-4D0E-843D-CFD5EA6A521A}.Release|x64.Build.0 = Release|x64
		{EE3CC9F0-11E4-4D0E-843D-CFD5EA6A521A}.Release|x86.ActiveCfg = Release|Win32
		{EE3CC9F0-11E4-4D0E-843D-CFD5EA6A521A}.Release|x86.Build.0 = Release|Win32
	EndGlobalSection
	GlobalSection(SolutionProperties) = preSolution
		HideSolutionNode = FALSE
	EndGlobalSection
	GlobalSection(ExtensibilityGlobals) = postSolution
		SolutionGuid = {1662BEF4-0F27-4347-9CEF-75E2B75DC460}
	EndGlobalSection
EndGlobal
