
Microsoft Visual Studio Solution File, Format Version 12.00
# Visual Studio Version 16
VisualStudioVersion = 16.0.28606.126
MinimumVisualStudioVersion = 10.0.40219.1
Project("{FAE04EC0-301F-11D3-BF4B-00C04F79EFBC}") = "OneLinkedList", "OneLinkedList\OneLinkedList.csproj", "{8ED6177E-4301-4EEA-B826-EF0F58BE79F4}"
EndProject
Global
	GlobalSection(SolutionConfigurationPlatforms) = preSolution
		Debug|Any CPU = Debug|Any CPU
		Release|Any CPU = Release|Any CPU
	EndGlobalSection
	GlobalSection(ProjectConfigurationPlatforms) = postSolution
		{8ED6177E-4301-4EEA-B826-EF0F58BE79F4}.Debug|Any CPU.ActiveCfg = Debug|Any CPU
		{8ED6177E-4301-4EEA-B826-EF0F58BE79F4}.Debug|Any CPU.Build.0 = Debug|Any CPU
		{8ED6177E-4301-4EEA-B826-EF0F58BE79F4}.Release|Any CPU.ActiveCfg = Release|Any CPU
		{8ED6177E-4301-4EEA-B826-EF0F58BE79F4}.Release|Any CPU.Build.0 = Release|Any CPU
	EndGlobalSection
	GlobalSection(SolutionProperties) = preSolution
		HideSolutionNode = FALSE
	EndGlobalSection
	GlobalSection(ExtensibilityGlobals) = postSolution
		SolutionGuid = {39B2DB9A-45E5-4017-812F-7A4246996704}
	EndGlobalSection
EndGlobal
