
Microsoft Visual Studio Solution File, Format Version 12.00
# Visual Studio Version 16
VisualStudioVersion = 16.0.30011.22
MinimumVisualStudioVersion = 10.0.40219.1
Project("{F2A71F9B-5D33-465A-A702-920D77279786}") = "LambdaInterpreter", "LambdaInterpreter\LambdaInterpreter.fsproj", "{D523E389-0114-4C0E-B7DB-3214653FD627}"
EndProject
Project("{F2A71F9B-5D33-465A-A702-920D77279786}") = "LambdaInterpreter.Tests", "LambdaInterpreter.Tests\LambdaInterpreter.Tests.fsproj", "{15C2219A-4013-4EA9-8CE9-9132761548E7}"
EndProject
Global
	GlobalSection(SolutionConfigurationPlatforms) = preSolution
		Debug|Any CPU = Debug|Any CPU
		Release|Any CPU = Release|Any CPU
	EndGlobalSection
	GlobalSection(ProjectConfigurationPlatforms) = postSolution
		{D523E389-0114-4C0E-B7DB-3214653FD627}.Debug|Any CPU.ActiveCfg = Debug|Any CPU
		{D523E389-0114-4C0E-B7DB-3214653FD627}.Debug|Any CPU.Build.0 = Debug|Any CPU
		{D523E389-0114-4C0E-B7DB-3214653FD627}.Release|Any CPU.ActiveCfg = Release|Any CPU
		{D523E389-0114-4C0E-B7DB-3214653FD627}.Release|Any CPU.Build.0 = Release|Any CPU
		{15C2219A-4013-4EA9-8CE9-9132761548E7}.Debug|Any CPU.ActiveCfg = Debug|Any CPU
		{15C2219A-4013-4EA9-8CE9-9132761548E7}.Debug|Any CPU.Build.0 = Debug|Any CPU
		{15C2219A-4013-4EA9-8CE9-9132761548E7}.Release|Any CPU.ActiveCfg = Release|Any CPU
		{15C2219A-4013-4EA9-8CE9-9132761548E7}.Release|Any CPU.Build.0 = Release|Any CPU
	EndGlobalSection
	GlobalSection(SolutionProperties) = preSolution
		HideSolutionNode = FALSE
	EndGlobalSection
	GlobalSection(ExtensibilityGlobals) = postSolution
		SolutionGuid = {40C2FBA4-9F81-48F9-A392-374D5637035A}
	EndGlobalSection
EndGlobal
